
Microsoft Visual Studio Solution File, Format Version 12.00
# Visual Studio Version 17
VisualStudioVersion = 17.11.35312.102
MinimumVisualStudioVersion = 10.0.40219.1
Project("{FAE04EC0-301F-11D3-BF4B-00C04F79EFBC}") = "Teste Gupy", "Teste Gupy\Teste Gupy.csproj", "{5DD3E04B-220F-4EB5-8BFA-D50FBEE1AB6C}"
EndProject
Global
	GlobalSection(SolutionConfigurationPlatforms) = preSolution
		Debug|Any CPU = Debug|Any CPU
		Release|Any CPU = Release|Any CPU
	EndGlobalSection
	GlobalSection(ProjectConfigurationPlatforms) = postSolution
		{5DD3E04B-220F-4EB5-8BFA-D50FBEE1AB6C}.Debug|Any CPU.ActiveCfg = Debug|Any CPU
		{5DD3E04B-220F-4EB5-8BFA-D50FBEE1AB6C}.Debug|Any CPU.Build.0 = Debug|Any CPU
		{5DD3E04B-220F-4EB5-8BFA-D50FBEE1AB6C}.Release|Any CPU.ActiveCfg = Release|Any CPU
		{5DD3E04B-220F-4EB5-8BFA-D50FBEE1AB6C}.Release|Any CPU.Build.0 = Release|Any CPU
	EndGlobalSection
	GlobalSection(SolutionProperties) = preSolution
		HideSolutionNode = FALSE
	EndGlobalSection
	GlobalSection(ExtensibilityGlobals) = postSolution
		SolutionGuid = {56FD649A-6953-454F-B5E0-99CF4D0EA6BF}
	EndGlobalSection
EndGlobal
